
Microsoft Visual Studio Solution File, Format Version 12.00
# Visual Studio Version 17
VisualStudioVersion = 17.13.35931.197 d17.13
MinimumVisualStudioVersion = 10.0.40219.1
Project("{FAE04EC0-301F-11D3-BF4B-00C04F79EFBC}") = "Api-Finish-Version", "Api-Finish-Version\Api-Finish-Version.csproj", "{145D3AD9-CEB8-41D8-AF96-609DEF532327}"
EndProject
Global
	GlobalSection(SolutionConfigurationPlatforms) = preSolution
		Debug|Any CPU = Debug|Any CPU
		Release|Any CPU = Release|Any CPU
	EndGlobalSection
	GlobalSection(ProjectConfigurationPlatforms) = postSolution
		{145D3AD9-CEB8-41D8-AF96-609DEF532327}.Debug|Any CPU.ActiveCfg = Debug|Any CPU
		{145D3AD9-CEB8-41D8-AF96-609DEF532327}.Debug|Any CPU.Build.0 = Debug|Any CPU
		{145D3AD9-CEB8-41D8-AF96-609DEF532327}.Release|Any CPU.ActiveCfg = Release|Any CPU
		{145D3AD9-CEB8-41D8-AF96-609DEF532327}.Release|Any CPU.Build.0 = Release|Any CPU
	EndGlobalSection
	GlobalSection(SolutionProperties) = preSolution
		HideSolutionNode = FALSE
	EndGlobalSection
	GlobalSection(ExtensibilityGlobals) = postSolution
		SolutionGuid = {EBDC26AC-D6A2-44D4-8610-06AF3E253E72}
	EndGlobalSection
EndGlobal
